
Microsoft Visual Studio Solution File, Format Version 12.00
# Visual Studio 2013
VisualStudioVersion = 12.0.30501.0
MinimumVisualStudioVersion = 10.0.40219.1
Project("{2150E333-8FDC-42A3-9474-1A3956D46DE8}") = "Content", "Content", "{65CA1A51-26AD-479C-B3F4-4D9D5C8260CE}"
	ProjectSection(SolutionItems) = preProject
		LICENSE = LICENSE
		README.md = README.md
	EndProjectSection
EndProject
Project("{2150E333-8FDC-42A3-9474-1A3956D46DE8}") = "Build", "Build", "{C99EF350-2FD3-40A1-89D9-DAB3DA290D13}"
	ProjectSection(SolutionItems) = preProject
		build\build.bat = build\build.bat
		build\build.ps1 = build\build.ps1
		build\clean.bat = build\clean.bat
		build\default.ps1 = build\default.ps1
		build\Essential.Templating.Common.nuspec.tmpl = build\Essential.Templating.Common.nuspec.tmpl
		build\Essential.Templating.Razor.Email.nuspec.tmpl = build\Essential.Templating.Razor.Email.nuspec.tmpl
		build\Essential.Templating.Razor.nuspec.tmpl = build\Essential.Templating.Razor.nuspec.tmpl
		build\publish.bat = build\publish.bat
	EndProjectSection
EndProject
Project("{2150E333-8FDC-42A3-9474-1A3956D46DE8}") = "Source Code", "Source Code", "{4A865BEC-0C73-46DB-B114-E4D6FE6C7CE8}"
EndProject
Project("{FAE04EC0-301F-11D3-BF4B-00C04F79EFBC}") = "Essential.Templating.Common", "src\Essential.Templating.Common\Essential.Templating.Common.csproj", "{AD3C1010-D933-421C-BF15-945C0E2B4837}"
EndProject
Project("{FAE04EC0-301F-11D3-BF4B-00C04F79EFBC}") = "Essential.Templating.Common.Tests", "test\Essential.Templating.Common.Tests\Essential.Templating.Common.Tests.csproj", "{EF212FCB-1825-438D-8CF9-303FF80B1772}"
EndProject
Project("{FAE04EC0-301F-11D3-BF4B-00C04F79EFBC}") = "Essential.Templating.Razor", "src\Essential.Templating.Razor\Essential.Templating.Razor.csproj", "{C17C0142-CC03-4750-A7DA-240072498F7E}"
EndProject
Project("{FAE04EC0-301F-11D3-BF4B-00C04F79EFBC}") = "Essential.Templating.Razor.Tests", "test\Essential.Templating.Razor.Tests\Essential.Templating.Razor.Tests.csproj", "{59FDEAD9-9FFA-4317-B559-1D70591F44C1}"
EndProject
Project("{FAE04EC0-301F-11D3-BF4B-00C04F79EFBC}") = "Essential.Templating.Razor.Email", "src\Essential.Templating.Razor.Email\Essential.Templating.Razor.Email.csproj", "{364E2420-2F46-4FDD-B86B-4DC694470155}"
EndProject
Project("{FAE04EC0-301F-11D3-BF4B-00C04F79EFBC}") = "Essential.Templating.Razor.Email.Tests", "test\Essential.Templating.Razor.Email.Tests\Essential.Templating.Razor.Email.Tests.csproj", "{DA260CA0-40BE-4F1F-9772-DE9A03404692}"
EndProject
Global
	GlobalSection(SolutionConfigurationPlatforms) = preSolution
		Debug|Any CPU = Debug|Any CPU
		Release|Any CPU = Release|Any CPU
	EndGlobalSection
	GlobalSection(ProjectConfigurationPlatforms) = postSolution
		{AD3C1010-D933-421C-BF15-945C0E2B4837}.Debug|Any CPU.ActiveCfg = Debug|Any CPU
		{AD3C1010-D933-421C-BF15-945C0E2B4837}.Debug|Any CPU.Build.0 = Debug|Any CPU
		{AD3C1010-D933-421C-BF15-945C0E2B4837}.Release|Any CPU.ActiveCfg = Release|Any CPU
		{AD3C1010-D933-421C-BF15-945C0E2B4837}.Release|Any CPU.Build.0 = Release|Any CPU
		{EF212FCB-1825-438D-8CF9-303FF80B1772}.Debug|Any CPU.ActiveCfg = Debug|Any CPU
		{EF212FCB-1825-438D-8CF9-303FF80B1772}.Debug|Any CPU.Build.0 = Debug|Any CPU
		{EF212FCB-1825-438D-8CF9-303FF80B1772}.Release|Any CPU.ActiveCfg = Release|Any CPU
		{EF212FCB-1825-438D-8CF9-303FF80B1772}.Release|Any CPU.Build.0 = Release|Any CPU
		{C17C0142-CC03-4750-A7DA-240072498F7E}.Debug|Any CPU.ActiveCfg = Debug|Any CPU
		{C17C0142-CC03-4750-A7DA-240072498F7E}.Debug|Any CPU.Build.0 = Debug|Any CPU
		{C17C0142-CC03-4750-A7DA-240072498F7E}.Release|Any CPU.ActiveCfg = Release|Any CPU
		{C17C0142-CC03-4750-A7DA-240072498F7E}.Release|Any CPU.Build.0 = Release|Any CPU
		{59FDEAD9-9FFA-4317-B559-1D70591F44C1}.Debug|Any CPU.ActiveCfg = Debug|Any CPU
		{59FDEAD9-9FFA-4317-B559-1D70591F44C1}.Debug|Any CPU.Build.0 = Debug|Any CPU
		{59FDEAD9-9FFA-4317-B559-1D70591F44C1}.Release|Any CPU.ActiveCfg = Release|Any CPU
		{59FDEAD9-9FFA-4317-B559-1D70591F44C1}.Release|Any CPU.Build.0 = Release|Any CPU
		{364E2420-2F46-4FDD-B86B-4DC694470155}.Debug|Any CPU.ActiveCfg = Debug|Any CPU
		{364E2420-2F46-4FDD-B86B-4DC694470155}.Debug|Any CPU.Build.0 = Debug|Any CPU
		{364E2420-2F46-4FDD-B86B-4DC694470155}.Release|Any CPU.ActiveCfg = Release|Any CPU
		{364E2420-2F46-4FDD-B86B-4DC694470155}.Release|Any CPU.Build.0 = Release|Any CPU
		{DA260CA0-40BE-4F1F-9772-DE9A03404692}.Debug|Any CPU.ActiveCfg = Debug|Any CPU
		{DA260CA0-40BE-4F1F-9772-DE9A03404692}.Debug|Any CPU.Build.0 = Debug|Any CPU
		{DA260CA0-40BE-4F1F-9772-DE9A03404692}.Release|Any CPU.ActiveCfg = Release|Any CPU
		{DA260CA0-40BE-4F1F-9772-DE9A03404692}.Release|Any CPU.Build.0 = Release|Any CPU
	EndGlobalSection
	GlobalSection(SolutionProperties) = preSolution
		HideSolutionNode = FALSE
	EndGlobalSection
	GlobalSection(NestedProjects) = preSolution
		{AD3C1010-D933-421C-BF15-945C0E2B4837} = {4A865BEC-0C73-46DB-B114-E4D6FE6C7CE8}
		{EF212FCB-1825-438D-8CF9-303FF80B1772} = {4A865BEC-0C73-46DB-B114-E4D6FE6C7CE8}
		{C17C0142-CC03-4750-A7DA-240072498F7E} = {4A865BEC-0C73-46DB-B114-E4D6FE6C7CE8}
		{59FDEAD9-9FFA-4317-B559-1D70591F44C1} = {4A865BEC-0C73-46DB-B114-E4D6FE6C7CE8}
		{364E2420-2F46-4FDD-B86B-4DC694470155} = {4A865BEC-0C73-46DB-B114-E4D6FE6C7CE8}
		{DA260CA0-40BE-4F1F-9772-DE9A03404692} = {4A865BEC-0C73-46DB-B114-E4D6FE6C7CE8}
	EndGlobalSection
EndGlobal
